
Microsoft Visual Studio Solution File, Format Version 12.00
# Visual Studio Version 16
VisualStudioVersion = 16.0.31112.23
MinimumVisualStudioVersion = 10.0.40219.1
Project("{FAE04EC0-301F-11D3-BF4B-00C04F79EFBC}") = "Lab5.NET", "Lab5.NET\Lab5.NET.csproj", "{6EA6FC6F-35C8-46AD-9BB7-2200630F37BE}"
EndProject
Global
	GlobalSection(SolutionConfigurationPlatforms) = preSolution
		Debug|Any CPU = Debug|Any CPU
		Release|Any CPU = Release|Any CPU
	EndGlobalSection
	GlobalSection(ProjectConfigurationPlatforms) = postSolution
		{6EA6FC6F-35C8-46AD-9BB7-2200630F37BE}.Debug|Any CPU.ActiveCfg = Debug|Any CPU
		{6EA6FC6F-35C8-46AD-9BB7-2200630F37BE}.Debug|Any CPU.Build.0 = Debug|Any CPU
		{6EA6FC6F-35C8-46AD-9BB7-2200630F37BE}.Release|Any CPU.ActiveCfg = Release|Any CPU
		{6EA6FC6F-35C8-46AD-9BB7-2200630F37BE}.Release|Any CPU.Build.0 = Release|Any CPU
	EndGlobalSection
	GlobalSection(SolutionProperties) = preSolution
		HideSolutionNode = FALSE
	EndGlobalSection
	GlobalSection(ExtensibilityGlobals) = postSolution
		SolutionGuid = {6AEFFF66-4581-4855-8884-7E1B8238219B}
	EndGlobalSection
EndGlobal
